
Microsoft Visual Studio Solution File, Format Version 12.00
# Visual Studio Version 16
VisualStudioVersion = 16.0.30413.136
MinimumVisualStudioVersion = 10.0.40219.1
Project("{FAE04EC0-301F-11D3-BF4B-00C04F79EFBC}") = "Msal2", "Msal2\Msal2.csproj", "{52F2CAD8-D1B5-4651-8750-ADFD5541A3FA}"
EndProject
Global
	GlobalSection(SolutionConfigurationPlatforms) = preSolution
		Debug|Any CPU = Debug|Any CPU
		Release|Any CPU = Release|Any CPU
	EndGlobalSection
	GlobalSection(ProjectConfigurationPlatforms) = postSolution
		{52F2CAD8-D1B5-4651-8750-ADFD5541A3FA}.Debug|Any CPU.ActiveCfg = Debug|Any CPU
		{52F2CAD8-D1B5-4651-8750-ADFD5541A3FA}.Debug|Any CPU.Build.0 = Debug|Any CPU
		{52F2CAD8-D1B5-4651-8750-ADFD5541A3FA}.Release|Any CPU.ActiveCfg = Release|Any CPU
		{52F2CAD8-D1B5-4651-8750-ADFD5541A3FA}.Release|Any CPU.Build.0 = Release|Any CPU
	EndGlobalSection
	GlobalSection(SolutionProperties) = preSolution
		HideSolutionNode = FALSE
	EndGlobalSection
	GlobalSection(ExtensibilityGlobals) = postSolution
		SolutionGuid = {E8D5F7A1-39B9-4A3A-9CD2-C02777CDF55D}
	EndGlobalSection
EndGlobal
